
Microsoft Visual Studio Solution File, Format Version 12.00
Project("{FAE04EC0-301F-11D3-BF4B-00C04F79EFBC}") = "Marketplace", "src\Marketplace\Marketplace.csproj", "{666F950B-D423-4D1C-976E-D6FD7FD9C9DB}"
EndProject
Project("{FAE04EC0-301F-11D3-BF4B-00C04F79EFBC}") = "Marketplace.Domain", "src\Marketplace.Domain\Marketplace.Domain.csproj", "{F83409EC-7D85-47CF-9F94-7BA0A7F6929D}"
EndProject
Project("{FAE04EC0-301F-11D3-BF4B-00C04F79EFBC}") = "Marketplace.Framework", "src\Marketplace.Framework\Marketplace.Framework.csproj", "{51773CA3-C694-44BD-8CB4-910B3CEDBF94}"
EndProject
Project("{2150E333-8FDC-42A3-9474-1A3956D46DE8}") = "tests", "tests", "{07D5568D-18C2-4BFF-A748-7A9E9C86FF10}"
EndProject
Project("{FAE04EC0-301F-11D3-BF4B-00C04F79EFBC}") = "Marketplace.Framework.Tests", "tests\Marketplace.Framework.Tests\Marketplace.Framework.Tests.csproj", "{81E2EC74-F0A8-465C-9559-D24B9355E881}"
EndProject
Project("{FAE04EC0-301F-11D3-BF4B-00C04F79EFBC}") = "Marketplace.Tests", "tests\Marketplace.Tests\Marketplace.Tests.csproj", "{127FC566-DE64-4FE2-A3C5-D6532A0008F2}"
EndProject
Global
	GlobalSection(SolutionConfigurationPlatforms) = preSolution
		Debug|Any CPU = Debug|Any CPU
		Release|Any CPU = Release|Any CPU
	EndGlobalSection
	GlobalSection(ProjectConfigurationPlatforms) = postSolution
		{666F950B-D423-4D1C-976E-D6FD7FD9C9DB}.Debug|Any CPU.ActiveCfg = Debug|Any CPU
		{666F950B-D423-4D1C-976E-D6FD7FD9C9DB}.Debug|Any CPU.Build.0 = Debug|Any CPU
		{666F950B-D423-4D1C-976E-D6FD7FD9C9DB}.Release|Any CPU.ActiveCfg = Release|Any CPU
		{666F950B-D423-4D1C-976E-D6FD7FD9C9DB}.Release|Any CPU.Build.0 = Release|Any CPU
		{F83409EC-7D85-47CF-9F94-7BA0A7F6929D}.Debug|Any CPU.ActiveCfg = Debug|Any CPU
		{F83409EC-7D85-47CF-9F94-7BA0A7F6929D}.Debug|Any CPU.Build.0 = Debug|Any CPU
		{F83409EC-7D85-47CF-9F94-7BA0A7F6929D}.Release|Any CPU.ActiveCfg = Release|Any CPU
		{F83409EC-7D85-47CF-9F94-7BA0A7F6929D}.Release|Any CPU.Build.0 = Release|Any CPU
		{51773CA3-C694-44BD-8CB4-910B3CEDBF94}.Debug|Any CPU.ActiveCfg = Debug|Any CPU
		{51773CA3-C694-44BD-8CB4-910B3CEDBF94}.Debug|Any CPU.Build.0 = Debug|Any CPU
		{51773CA3-C694-44BD-8CB4-910B3CEDBF94}.Release|Any CPU.ActiveCfg = Release|Any CPU
		{51773CA3-C694-44BD-8CB4-910B3CEDBF94}.Release|Any CPU.Build.0 = Release|Any CPU
		{81E2EC74-F0A8-465C-9559-D24B9355E881}.Debug|Any CPU.ActiveCfg = Debug|Any CPU
		{81E2EC74-F0A8-465C-9559-D24B9355E881}.Debug|Any CPU.Build.0 = Debug|Any CPU
		{81E2EC74-F0A8-465C-9559-D24B9355E881}.Release|Any CPU.ActiveCfg = Release|Any CPU
		{81E2EC74-F0A8-465C-9559-D24B9355E881}.Release|Any CPU.Build.0 = Release|Any CPU
		{127FC566-DE64-4FE2-A3C5-D6532A0008F2}.Debug|Any CPU.ActiveCfg = Debug|Any CPU
		{127FC566-DE64-4FE2-A3C5-D6532A0008F2}.Debug|Any CPU.Build.0 = Debug|Any CPU
		{127FC566-DE64-4FE2-A3C5-D6532A0008F2}.Release|Any CPU.ActiveCfg = Release|Any CPU
		{127FC566-DE64-4FE2-A3C5-D6532A0008F2}.Release|Any CPU.Build.0 = Release|Any CPU
	EndGlobalSection
	GlobalSection(NestedProjects) = preSolution
		{81E2EC74-F0A8-465C-9559-D24B9355E881} = {07D5568D-18C2-4BFF-A748-7A9E9C86FF10}
		{127FC566-DE64-4FE2-A3C5-D6532A0008F2} = {07D5568D-18C2-4BFF-A748-7A9E9C86FF10}
	EndGlobalSection
EndGlobal
