
Microsoft Visual Studio Solution File, Format Version 12.00
Project("{FAE04EC0-301F-11D3-BF4B-00C04F79EFBC}") = "Marketplace.Framework", "Marketplace.Framework\Marketplace.Framework.csproj", "{EEEDFB39-58D4-4782-AE8F-2C438652A13E}"
EndProject
Project("{FAE04EC0-301F-11D3-BF4B-00C04F79EFBC}") = "Marketplace.Domain", "Marketplace.Domain\Marketplace.Domain.csproj", "{9AB26E16-316F-4140-9342-937D3D61A073}"
EndProject
Project("{FAE04EC0-301F-11D3-BF4B-00C04F79EFBC}") = "Marketplace", "Marketplace\Marketplace.csproj", "{F24F27AC-A997-4761-8FFB-C789BBDD94D2}"
EndProject
Project("{FAE04EC0-301F-11D3-BF4B-00C04F79EFBC}") = "Marketplace.Tests", "..\tests\Marketplace.Tests\Marketplace.Tests.csproj", "{48B0DBC4-8141-4398-A43C-30C330030323}"
EndProject
Global
	GlobalSection(SolutionConfigurationPlatforms) = preSolution
		Debug|Any CPU = Debug|Any CPU
		Release|Any CPU = Release|Any CPU
	EndGlobalSection
	GlobalSection(ProjectConfigurationPlatforms) = postSolution
		{5CDD7B63-9D54-4286-9EC0-D5375885BE71}.Debug|Any CPU.ActiveCfg = Debug|Any CPU
		{5CDD7B63-9D54-4286-9EC0-D5375885BE71}.Debug|Any CPU.Build.0 = Debug|Any CPU
		{5CDD7B63-9D54-4286-9EC0-D5375885BE71}.Release|Any CPU.ActiveCfg = Release|Any CPU
		{5CDD7B63-9D54-4286-9EC0-D5375885BE71}.Release|Any CPU.Build.0 = Release|Any CPU
		{EEEDFB39-58D4-4782-AE8F-2C438652A13E}.Debug|Any CPU.ActiveCfg = Debug|Any CPU
		{EEEDFB39-58D4-4782-AE8F-2C438652A13E}.Debug|Any CPU.Build.0 = Debug|Any CPU
		{EEEDFB39-58D4-4782-AE8F-2C438652A13E}.Release|Any CPU.ActiveCfg = Release|Any CPU
		{EEEDFB39-58D4-4782-AE8F-2C438652A13E}.Release|Any CPU.Build.0 = Release|Any CPU
		{9AB26E16-316F-4140-9342-937D3D61A073}.Debug|Any CPU.ActiveCfg = Debug|Any CPU
		{9AB26E16-316F-4140-9342-937D3D61A073}.Debug|Any CPU.Build.0 = Debug|Any CPU
		{9AB26E16-316F-4140-9342-937D3D61A073}.Release|Any CPU.ActiveCfg = Release|Any CPU
		{9AB26E16-316F-4140-9342-937D3D61A073}.Release|Any CPU.Build.0 = Release|Any CPU
		{F24F27AC-A997-4761-8FFB-C789BBDD94D2}.Debug|Any CPU.ActiveCfg = Debug|Any CPU
		{F24F27AC-A997-4761-8FFB-C789BBDD94D2}.Debug|Any CPU.Build.0 = Debug|Any CPU
		{F24F27AC-A997-4761-8FFB-C789BBDD94D2}.Release|Any CPU.ActiveCfg = Release|Any CPU
		{F24F27AC-A997-4761-8FFB-C789BBDD94D2}.Release|Any CPU.Build.0 = Release|Any CPU
		{48B0DBC4-8141-4398-A43C-30C330030323}.Debug|Any CPU.ActiveCfg = Debug|Any CPU
		{48B0DBC4-8141-4398-A43C-30C330030323}.Debug|Any CPU.Build.0 = Debug|Any CPU
		{48B0DBC4-8141-4398-A43C-30C330030323}.Release|Any CPU.ActiveCfg = Release|Any CPU
		{48B0DBC4-8141-4398-A43C-30C330030323}.Release|Any CPU.Build.0 = Release|Any CPU
	EndGlobalSection
EndGlobal
